
Microsoft Visual Studio Solution File, Format Version 12.00
# Visual Studio Version 17
VisualStudioVersion = 17.1.32328.378
MinimumVisualStudioVersion = 10.0.40219.1
Project("{9A19103F-16F7-4668-BE54-9A1E7A4F7556}") = "KampIntro", "KampIntro\KampIntro.csproj", "{A3AB621E-DCF6-4089-A002-9028AA41C17A}"
EndProject
Project("{9A19103F-16F7-4668-BE54-9A1E7A4F7556}") = "Donguler", "Donguler\Donguler.csproj", "{F808F0BB-F1F9-4701-9679-B160A7AA3036}"
EndProject
Project("{9A19103F-16F7-4668-BE54-9A1E7A4F7556}") = "ClassIntro", "ClassIntro\ClassIntro.csproj", "{B02519D0-DE9D-4B2E-8A86-332A8A9BE4C5}"
EndProject
Project("{9A19103F-16F7-4668-BE54-9A1E7A4F7556}") = "DayTwoHomeworkSix", "DayTwoHomeworkSix\DayTwoHomeworkSix.csproj", "{02FCFF83-06B2-4E0B-AB6B-335F17FA17F5}"
EndProject
Project("{9A19103F-16F7-4668-BE54-9A1E7A4F7556}") = "Metotlar", "Metotlar\Metotlar.csproj", "{0466F648-9C55-4FCC-B173-470D15B88C18}"
EndProject
Project("{9A19103F-16F7-4668-BE54-9A1E7A4F7556}") = "Matematik", "Matematik\Matematik.csproj", "{DF8975A8-B0FE-4262-8BB0-456D8F213753}"
EndProject
Project("{9A19103F-16F7-4668-BE54-9A1E7A4F7556}") = "DegerVeReferansTipler", "DegerVeReferansTipler\DegerVeReferansTipler.csproj", "{88EDAE4C-AC1F-41DD-B056-3B3CB1BA96EE}"
EndProject
Project("{9A19103F-16F7-4668-BE54-9A1E7A4F7556}") = "ClassMetotDemo", "ClassMetotDemo\ClassMetotDemo.csproj", "{1508354C-A185-41AC-A080-BA738ADA4B7D}"
EndProject
Project("{9A19103F-16F7-4668-BE54-9A1E7A4F7556}") = "OOP1", "OOP1\OOP1.csproj", "{DE8F4A61-9C50-498B-A7FC-60804623DF28}"
EndProject
Project("{9A19103F-16F7-4668-BE54-9A1E7A4F7556}") = "Koleksiyonlar", "Koleksiyonlar\Koleksiyonlar.csproj", "{BDA55AFC-9A01-47CB-8C42-F33FF8386592}"
EndProject
Project("{9A19103F-16F7-4668-BE54-9A1E7A4F7556}") = "GenericsIntro", "GenericsIntro\GenericsIntro.csproj", "{41F81228-06FE-469E-822E-50266083197F}"
EndProject
Project("{9A19103F-16F7-4668-BE54-9A1E7A4F7556}") = "Dictionary", "Dictionary\Dictionary.csproj", "{0CFF8C7E-8D3E-407E-A23B-FC9431D6AE1C}"
EndProject
Global
	GlobalSection(SolutionConfigurationPlatforms) = preSolution
		Debug|Any CPU = Debug|Any CPU
		Release|Any CPU = Release|Any CPU
	EndGlobalSection
	GlobalSection(ProjectConfigurationPlatforms) = postSolution
		{A3AB621E-DCF6-4089-A002-9028AA41C17A}.Debug|Any CPU.ActiveCfg = Debug|Any CPU
		{A3AB621E-DCF6-4089-A002-9028AA41C17A}.Debug|Any CPU.Build.0 = Debug|Any CPU
		{A3AB621E-DCF6-4089-A002-9028AA41C17A}.Release|Any CPU.ActiveCfg = Release|Any CPU
		{A3AB621E-DCF6-4089-A002-9028AA41C17A}.Release|Any CPU.Build.0 = Release|Any CPU
		{F808F0BB-F1F9-4701-9679-B160A7AA3036}.Debug|Any CPU.ActiveCfg = Debug|Any CPU
		{F808F0BB-F1F9-4701-9679-B160A7AA3036}.Debug|Any CPU.Build.0 = Debug|Any CPU
		{F808F0BB-F1F9-4701-9679-B160A7AA3036}.Release|Any CPU.ActiveCfg = Release|Any CPU
		{F808F0BB-F1F9-4701-9679-B160A7AA3036}.Release|Any CPU.Build.0 = Release|Any CPU
		{B02519D0-DE9D-4B2E-8A86-332A8A9BE4C5}.Debug|Any CPU.ActiveCfg = Debug|Any CPU
		{B02519D0-DE9D-4B2E-8A86-332A8A9BE4C5}.Debug|Any CPU.Build.0 = Debug|Any CPU
		{B02519D0-DE9D-4B2E-8A86-332A8A9BE4C5}.Release|Any CPU.ActiveCfg = Release|Any CPU
		{B02519D0-DE9D-4B2E-8A86-332A8A9BE4C5}.Release|Any CPU.Build.0 = Release|Any CPU
		{02FCFF83-06B2-4E0B-AB6B-335F17FA17F5}.Debug|Any CPU.ActiveCfg = Debug|Any CPU
		{02FCFF83-06B2-4E0B-AB6B-335F17FA17F5}.Debug|Any CPU.Build.0 = Debug|Any CPU
		{02FCFF83-06B2-4E0B-AB6B-335F17FA17F5}.Release|Any CPU.ActiveCfg = Release|Any CPU
		{02FCFF83-06B2-4E0B-AB6B-335F17FA17F5}.Release|Any CPU.Build.0 = Release|Any CPU
		{0466F648-9C55-4FCC-B173-470D15B88C18}.Debug|Any CPU.ActiveCfg = Debug|Any CPU
		{0466F648-9C55-4FCC-B173-470D15B88C18}.Debug|Any CPU.Build.0 = Debug|Any CPU
		{0466F648-9C55-4FCC-B173-470D15B88C18}.Release|Any CPU.ActiveCfg = Release|Any CPU
		{0466F648-9C55-4FCC-B173-470D15B88C18}.Release|Any CPU.Build.0 = Release|Any CPU
		{DF8975A8-B0FE-4262-8BB0-456D8F213753}.Debug|Any CPU.ActiveCfg = Debug|Any CPU
		{DF8975A8-B0FE-4262-8BB0-456D8F213753}.Debug|Any CPU.Build.0 = Debug|Any CPU
		{DF8975A8-B0FE-4262-8BB0-456D8F213753}.Release|Any CPU.ActiveCfg = Release|Any CPU
		{DF8975A8-B0FE-4262-8BB0-456D8F213753}.Release|Any CPU.Build.0 = Release|Any CPU
		{88EDAE4C-AC1F-41DD-B056-3B3CB1BA96EE}.Debug|Any CPU.ActiveCfg = Debug|Any CPU
		{88EDAE4C-AC1F-41DD-B056-3B3CB1BA96EE}.Debug|Any CPU.Build.0 = Debug|Any CPU
		{88EDAE4C-AC1F-41DD-B056-3B3CB1BA96EE}.Release|Any CPU.ActiveCfg = Release|Any CPU
		{88EDAE4C-AC1F-41DD-B056-3B3CB1BA96EE}.Release|Any CPU.Build.0 = Release|Any CPU
		{1508354C-A185-41AC-A080-BA738ADA4B7D}.Debug|Any CPU.ActiveCfg = Debug|Any CPU
		{1508354C-A185-41AC-A080-BA738ADA4B7D}.Debug|Any CPU.Build.0 = Debug|Any CPU
		{1508354C-A185-41AC-A080-BA738ADA4B7D}.Release|Any CPU.ActiveCfg = Release|Any CPU
		{1508354C-A185-41AC-A080-BA738ADA4B7D}.Release|Any CPU.Build.0 = Release|Any CPU
		{DE8F4A61-9C50-498B-A7FC-60804623DF28}.Debug|Any CPU.ActiveCfg = Debug|Any CPU
		{DE8F4A61-9C50-498B-A7FC-60804623DF28}.Debug|Any CPU.Build.0 = Debug|Any CPU
		{DE8F4A61-9C50-498B-A7FC-60804623DF28}.Release|Any CPU.ActiveCfg = Release|Any CPU
		{DE8F4A61-9C50-498B-A7FC-60804623DF28}.Release|Any CPU.Build.0 = Release|Any CPU
		{BDA55AFC-9A01-47CB-8C42-F33FF8386592}.Debug|Any CPU.ActiveCfg = Debug|Any CPU
		{BDA55AFC-9A01-47CB-8C42-F33FF8386592}.Debug|Any CPU.Build.0 = Debug|Any CPU
		{BDA55AFC-9A01-47CB-8C42-F33FF8386592}.Release|Any CPU.ActiveCfg = Release|Any CPU
		{BDA55AFC-9A01-47CB-8C42-F33FF8386592}.Release|Any CPU.Build.0 = Release|Any CPU
		{41F81228-06FE-469E-822E-50266083197F}.Debug|Any CPU.ActiveCfg = Debug|Any CPU
		{41F81228-06FE-469E-822E-50266083197F}.Debug|Any CPU.Build.0 = Debug|Any CPU
		{41F81228-06FE-469E-822E-50266083197F}.Release|Any CPU.ActiveCfg = Release|Any CPU
		{41F81228-06FE-469E-822E-50266083197F}.Release|Any CPU.Build.0 = Release|Any CPU
		{0CFF8C7E-8D3E-407E-A23B-FC9431D6AE1C}.Debug|Any CPU.ActiveCfg = Debug|Any CPU
		{0CFF8C7E-8D3E-407E-A23B-FC9431D6AE1C}.Debug|Any CPU.Build.0 = Debug|Any CPU
		{0CFF8C7E-8D3E-407E-A23B-FC9431D6AE1C}.Release|Any CPU.ActiveCfg = Release|Any CPU
		{0CFF8C7E-8D3E-407E-A23B-FC9431D6AE1C}.Release|Any CPU.Build.0 = Release|Any CPU
	EndGlobalSection
	GlobalSection(SolutionProperties) = preSolution
		HideSolutionNode = FALSE
	EndGlobalSection
	GlobalSection(ExtensibilityGlobals) = postSolution
		SolutionGuid = {2591EA7C-C3A2-42D9-85FF-81D6E77A4F18}
	EndGlobalSection
EndGlobal
